// !$*UTF8*$!
{
	archiveVersion = 1;
	classes = {
	};
	objectVersion = 46;
	objects = {

/* Begin PBXBuildFile section */
		EA113C821C33C6B10073A77A /* AppDelegate.swift in Sources */ = {isa = PBXBuildFile; fileRef = EA113C811C33C6B10073A77A /* AppDelegate.swift */; };
		EA113C841C33C6B10073A77A /* MasterViewController.swift in Sources */ = {isa = PBXBuildFile; fileRef = EA113C831C33C6B10073A77A /* MasterViewController.swift */; };
		EA113C861C33C6B10073A77A /* DetailViewController.swift in Sources */ = {isa = PBXBuildFile; fileRef = EA113C851C33C6B10073A77A /* DetailViewController.swift */; };
		EA113C891C33C6B10073A77A /* Main.storyboard in Resources */ = {isa = PBXBuildFile; fileRef = EA113C871C33C6B10073A77A /* Main.storyboard */; };
		EA113C8B1C33C6B10073A77A /* Assets.xcassets in Resources */ = {isa = PBXBuildFile; fileRef = EA113C8A1C33C6B10073A77A /* Assets.xcassets */; };
		EA113C8E1C33C6B10073A77A /* LaunchScreen.storyboard in Resources */ = {isa = PBXBuildFile; fileRef = EA113C8C1C33C6B10073A77A /* LaunchScreen.storyboard */; };
		EA113CA01C33D6160073A77A /* nssl0033.jpg in Resources */ = {isa = PBXBuildFile; fileRef = EA113C961C33D6160073A77A /* nssl0033.jpg */; };
		EA113CA11C33D6160073A77A /* nssl0034.jpg in Resources */ = {isa = PBXBuildFile; fileRef = EA113C971C33D6160073A77A /* nssl0034.jpg */; };
		EA113CA21C33D6160073A77A /* nssl0041.jpg in Resources */ = {isa = PBXBuildFile; fileRef = EA113C981C33D6160073A77A /* nssl0041.jpg */; };
		EA113CA31C33D6160073A77A /* nssl0042.jpg in Resources */ = {isa = PBXBuildFile; fileRef = EA113C991C33D6160073A77A /* nssl0042.jpg */; };
		EA113CA41C33D6160073A77A /* nssl0043.jpg in Resources */ = {isa = PBXBuildFile; fileRef = EA113C9A1C33D6160073A77A /* nssl0043.jpg */; };
		EA113CA51C33D6160073A77A /* nssl0045.jpg in Resources */ = {isa = PBXBuildFile; fileRef = EA113C9B1C33D6160073A77A /* nssl0045.jpg */; };
		EA113CA61C33D6160073A77A /* nssl0046.jpg in Resources */ = {isa = PBXBuildFile; fileRef = EA113C9C1C33D6160073A77A /* nssl0046.jpg */; };
		EA113CA71C33D6160073A77A /* nssl0049.jpg in Resources */ = {isa = PBXBuildFile; fileRef = EA113C9D1C33D6160073A77A /* nssl0049.jpg */; };
		EA113CA81C33D6160073A77A /* nssl0051.jpg in Resources */ = {isa = PBXBuildFile; fileRef = EA113C9E1C33D6160073A77A /* nssl0051.jpg */; };
		EA113CA91C33D6160073A77A /* nssl0091.jpg in Resources */ = {isa = PBXBuildFile; fileRef = EA113C9F1C33D6160073A77A /* nssl0091.jpg */; };
/* End PBXBuildFile section */

/* Begin PBXFileReference section */
		EA113C7E1C33C6B10073A77A /* project1.app */ = {isa = PBXFileReference; explicitFileType = wrapper.application; includeInIndex = 0; path = project1.app; sourceTree = BUILT_PRODUCTS_DIR; };
		EA113C811C33C6B10073A77A /* AppDelegate.swift */ = {isa = PBXFileReference; lastKnownFileType = sourcecode.swift; path = AppDelegate.swift; sourceTree = "<group>"; };
		EA113C831C33C6B10073A77A /* MasterViewController.swift */ = {isa = PBXFileReference; lastKnownFileType = sourcecode.swift; path = MasterViewController.swift; sourceTree = "<group>"; };
		EA113C851C33C6B10073A77A /* DetailViewController.swift */ = {isa = PBXFileReference; lastKnownFileType = sourcecode.swift; path = DetailViewController.swift; sourceTree = "<group>"; };
		EA113C881C33C6B10073A77A /* Base */ = {isa = PBXFileReference; lastKnownFileType = file.storyboard; name = Base; path = Base.lproj/Main.storyboard; sourceTree = "<group>"; };
		EA113C8A1C33C6B10073A77A /* Assets.xcassets */ = {isa = PBXFileReference; lastKnownFileType = folder.assetcatalog; path = Assets.xcassets; sourceTree = "<group>"; };
		EA113C8D1C33C6B10073A77A /* Base */ = {isa = PBXFileReference; lastKnownFileType = file.storyboard; name = Base; path = Base.lproj/LaunchScreen.storyboard; sourceTree = "<group>"; };
		EA113C8F1C33C6B10073A77A /* Info.plist */ = {isa = PBXFileReference; lastKnownFileType = text.plist.xml; path = Info.plist; sourceTree = "<group>"; };
		EA113C961C33D6160073A77A /* nssl0033.jpg */ = {isa = PBXFileReference; lastKnownFileType = image.jpeg; path = nssl0033.jpg; sourceTree = "<group>"; };
		EA113C971C33D6160073A77A /* nssl0034.jpg */ = {isa = PBXFileReference; lastKnownFileType = image.jpeg; path = nssl0034.jpg; sourceTree = "<group>"; };
		EA113C981C33D6160073A77A /* nssl0041.jpg */ = {isa = PBXFileReference; lastKnownFileType = image.jpeg; path = nssl0041.jpg; sourceTree = "<group>"; };
		EA113C991C33D6160073A77A /* nssl0042.jpg */ = {isa = PBXFileReference; lastKnownFileType = image.jpeg; path = nssl0042.jpg; sourceTree = "<group>"; };
		EA113C9A1C33D6160073A77A /* nssl0043.jpg */ = {isa = PBXFileReference; lastKnownFileType = image.jpeg; path = nssl0043.jpg; sourceTree = "<group>"; };
		EA113C9B1C33D6160073A77A /* nssl0045.jpg */ = {isa = PBXFileReference; lastKnownFileType = image.jpeg; path = nssl0045.jpg; sourceTree = "<group>"; };
		EA113C9C1C33D6160073A77A /* nssl0046.jpg */ = {isa = PBXFileReference; lastKnownFileType = image.jpeg; path = nssl0046.jpg; sourceTree = "<group>"; };
		EA113C9D1C33D6160073A77A /* nssl0049.jpg */ = {isa = PBXFileReference; lastKnownFileType = image.jpeg; path = nssl0049.jpg; sourceTree = "<group>"; };
		EA113C9E1C33D6160073A77A /* nssl0051.jpg */ = {isa = PBXFileReference; lastKnownFileType = image.jpeg; path = nssl0051.jpg; sourceTree = "<group>"; };
		EA113C9F1C33D6160073A77A /* nssl0091.jpg */ = {isa = PBXFileReference; lastKnownFileType = image.jpeg; path = nssl0091.jpg; sourceTree = "<group>"; };
/* End PBXFileReference section */

/* Begin PBXFrameworksBuildPhase section */
		EA113C7B1C33C6B10073A77A /* Frameworks */ = {
			isa = PBXFrameworksBuildPhase;
			buildActionMask = 2147483647;
			files = (
			);
			runOnlyForDeploymentPostprocessing = 0;
		};
/* End PBXFrameworksBuildPhase section */

/* Begin PBXGroup section */
		EA113C751C33C6B10073A77A = {
			isa = PBXGroup;
			children = (
				EA113C801C33C6B10073A77A /* project1 */,
				EA113C7F1C33C6B10073A77A /* Products */,
			);
			sourceTree = "<group>";
		};
		EA113C7F1C33C6B10073A77A /* Products */ = {
			isa = PBXGroup;
			children = (
				EA113C7E1C33C6B10073A77A /* project1.app */,
			);
			name = Products;
			sourceTree = "<group>";
		};
		EA113C801C33C6B10073A77A /* project1 */ = {
			isa = PBXGroup;
			children = (
				EA113C811C33C6B10073A77A /* AppDelegate.swift */,
				EA113C831C33C6B10073A77A /* MasterViewController.swift */,
				EA113C851C33C6B10073A77A /* DetailViewController.swift */,
				EA113C871C33C6B10073A77A /* Main.storyboard */,
				EA113C8A1C33C6B10073A77A /* Assets.xcassets */,
				EA113C8C1C33C6B10073A77A /* LaunchScreen.storyboard */,
				EA113C8F1C33C6B10073A77A /* Info.plist */,
				EA113C951C33D6160073A77A /* Content */,
			);
			path = project1;
			sourceTree = "<group>";
		};
		EA113C951C33D6160073A77A /* Content */ = {
			isa = PBXGroup;
			children = (
				EA113C961C33D6160073A77A /* nssl0033.jpg */,
				EA113C971C33D6160073A77A /* nssl0034.jpg */,
				EA113C981C33D6160073A77A /* nssl0041.jpg */,
				EA113C991C33D6160073A77A /* nssl0042.jpg */,
				EA113C9A1C33D6160073A77A /* nssl0043.jpg */,
				EA113C9B1C33D6160073A77A /* nssl0045.jpg */,
				EA113C9C1C33D6160073A77A /* nssl0046.jpg */,
				EA113C9D1C33D6160073A77A /* nssl0049.jpg */,
				EA113C9E1C33D6160073A77A /* nssl0051.jpg */,
				EA113C9F1C33D6160073A77A /* nssl0091.jpg */,
			);
			path = Content;
			sourceTree = "<group>";
		};
/* End PBXGroup section */

/* Begin PBXNativeTarget section */
		EA113C7D1C33C6B10073A77A /* project1 */ = {
			isa = PBXNativeTarget;
			buildConfigurationList = EA113C921C33C6B10073A77A /* Build configuration list for PBXNativeTarget "project1" */;
			buildPhases = (
				EA113C7A1C33C6B10073A77A /* Sources */,
				EA113C7B1C33C6B10073A77A /* Frameworks */,
				EA113C7C1C33C6B10073A77A /* Resources */,
			);
			buildRules = (
			);
			dependencies = (
			);
			name = project1;
			productName = project1;
			productReference = EA113C7E1C33C6B10073A77A /* project1.app */;
			productType = "com.apple.product-type.application";
		};
/* End PBXNativeTarget section */

/* Begin PBXProject section */
		EA113C761C33C6B10073A77A /* Project object */ = {
			isa = PBXProject;
			attributes = {
				LastSwiftUpdateCheck = 0710;
				LastUpgradeCheck = 0710;
				ORGANIZATIONNAME = "Alain Gall";
				TargetAttributes = {
					EA113C7D1C33C6B10073A77A = {
						CreatedOnToolsVersion = 7.1;
					};
				};
			};
			buildConfigurationList = EA113C791C33C6B10073A77A /* Build configuration list for PBXProject "project1" */;
			compatibilityVersion = "Xcode 3.2";
			developmentRegion = English;
			hasScannedForEncodings = 0;
			knownRegions = (
				en,
				Base,
			);
			mainGroup = EA113C751C33C6B10073A77A;
			productRefGroup = EA113C7F1C33C6B10073A77A /* Products */;
			projectDirPath = "";
			projectRoot = "";
			targets = (
				EA113C7D1C33C6B10073A77A /* project1 */,
			);
		};
/* End PBXProject section */

/* Begin PBXResourcesBuildPhase section */
		EA113C7C1C33C6B10073A77A /* Resources */ = {
			isa = PBXResourcesBuildPhase;
			buildActionMask = 2147483647;
			files = (
				EA113CA11C33D6160073A77A /* nssl0034.jpg in Resources */,
				EA113CA81C33D6160073A77A /* nssl0051.jpg in Resources */,
				EA113C8E1C33C6B10073A77A /* LaunchScreen.storyboard in Resources */,
				EA113CA41C33D6160073A77A /* nssl0043.jpg in Resources */,
				EA113CA01C33D6160073A77A /* nssl0033.jpg in Resources */,
				EA113CA51C33D6160073A77A /* nssl0045.jpg in Resources */,
				EA113CA61C33D6160073A77A /* nssl0046.jpg in Resources */,
				EA113CA71C33D6160073A77A /* nssl0049.jpg in Resources */,
				EA113CA31C33D6160073A77A /* nssl0042.jpg in Resources */,
				EA113C8B1C33C6B10073A77A /* Assets.xcassets in Resources */,
				EA113CA91C33D6160073A77A /* nssl0091.jpg in Resources */,
				EA113CA21C33D6160073A77A /* nssl0041.jpg in Resources */,
				EA113C891C33C6B10073A77A /* Main.storyboard in Resources */,
			);
			runOnlyForDeploymentPostprocessing = 0;
		};
/* End PBXResourcesBuildPhase section */

/* Begin PBXSourcesBuildPhase section */
		EA113C7A1C33C6B10073A77A /* Sources */ = {
			isa = PBXSourcesBuildPhase;
			buildActionMask = 2147483647;
			files = (
				EA113C861C33C6B10073A77A /* DetailViewController.swift in Sources */,
				EA113C841C33C6B10073A77A /* MasterViewController.swift in Sources */,
				EA113C821C33C6B10073A77A /* AppDelegate.swift in Sources */,
			);
			runOnlyForDeploymentPostprocessing = 0;
		};
/* End PBXSourcesBuildPhase section */

/* Begin PBXVariantGroup section */
		EA113C871C33C6B10073A77A /* Main.storyboard */ = {
			isa = PBXVariantGroup;
			children = (
				EA113C881C33C6B10073A77A /* Base */,
			);
			name = Main.storyboard;
			sourceTree = "<group>";
		};
		EA113C8C1C33C6B10073A77A /* LaunchScreen.storyboard */ = {
			isa = PBXVariantGroup;
			children = (
				EA113C8D1C33C6B10073A77A /* Base */,
			);
			name = LaunchScreen.storyboard;
			sourceTree = "<group>";
		};
/* End PBXVariantGroup section */

/* Begin XCBuildConfiguration section */
		EA113C901C33C6B10073A77A /* Debug */ = {
			isa = XCBuildConfiguration;
			buildSettings = {
				ALWAYS_SEARCH_USER_PATHS = NO;
				CLANG_CXX_LANGUAGE_STANDARD = "gnu++0x";
				CLANG_CXX_LIBRARY = "libc++";
				CLANG_ENABLE_MODULES = YES;
				CLANG_ENABLE_OBJC_ARC = YES;
				CLANG_WARN_BOOL_CONVERSION = YES;
				CLANG_WARN_CONSTANT_CONVERSION = YES;
				CLANG_WARN_DIRECT_OBJC_ISA_USAGE = YES_ERROR;
				CLANG_WARN_EMPTY_BODY = YES;
				CLANG_WARN_ENUM_CONVERSION = YES;
				CLANG_WARN_INT_CONVERSION = YES;
				CLANG_WARN_OBJC_ROOT_CLASS = YES_ERROR;
				CLANG_WARN_UNREACHABLE_CODE = YES;
				CLANG_WARN__DUPLICATE_METHOD_MATCH = YES;
				"CODE_SIGN_IDENTITY[sdk=iphoneos*]" = "iPhone Developer";
				COPY_PHASE_STRIP = NO;
				DEBUG_INFORMATION_FORMAT = dwarf;
				ENABLE_STRICT_OBJC_MSGSEND = YES;
				ENABLE_TESTABILITY = YES;
				GCC_C_LANGUAGE_STANDARD = gnu99;
				GCC_DYNAMIC_NO_PIC = NO;
				GCC_NO_COMMON_BLOCKS = YES;
				GCC_OPTIMIZATION_LEVEL = 0;
				GCC_PREPROCESSOR_DEFINITIONS = (
					"DEBUG=1",
					"$(inherited)",
				);
				GCC_WARN_64_TO_32_BIT_CONVERSION = YES;
				GCC_WARN_ABOUT_RETURN_TYPE = YES_ERROR;
				GCC_WARN_UNDECLARED_SELECTOR = YES;
				GCC_WARN_UNINITIALIZED_AUTOS = YES_AGGRESSIVE;
				GCC_WARN_UNUSED_FUNCTION = YES;
				GCC_WARN_UNUSED_VARIABLE = YES;
				IPHONEOS_DEPLOYMENT_TARGET = 9.1;
				MTL_ENABLE_DEBUG_INFO = YES;
				ONLY_ACTIVE_ARCH = YES;
				SDKROOT = iphoneos;
				SWIFT_OPTIMIZATION_LEVEL = "-Onone";
				TARGETED_DEVICE_FAMILY = "1,2";
			};
			name = Debug;
		};
		EA113C911C33C6B10073A77A /* Release */ = {
			isa = XCBuildConfiguration;
			buildSettings = {
				ALWAYS_SEARCH_USER_PATHS = NO;
				CLANG_CXX_LANGUAGE_STANDARD = "gnu++0x";
				CLANG_CXX_LIBRARY = "libc++";
				CLANG_ENABLE_MODULES = YES;
				CLANG_ENABLE_OBJC_ARC = YES;
				CLANG_WARN_BOOL_CONVERSION = YES;
				CLANG_WARN_CONSTANT_CONVERSION = YES;
				CLANG_WARN_DIRECT_OBJC_ISA_USAGE = YES_ERROR;
				CLANG_WARN_EMPTY_BODY = YES;
				CLANG_WARN_ENUM_CONVERSION = YES;
				CLANG_WARN_INT_CONVERSION = YES;
				CLANG_WARN_OBJC_ROOT_CLASS = YES_ERROR;
				CLANG_WARN_UNREACHABLE_CODE = YES;
				CLANG_WARN__DUPLICATE_METHOD_MATCH = YES;
				"CODE_SIGN_IDENTITY[sdk=iphoneos*]" = "iPhone Developer";
				COPY_PHASE_STRIP = NO;
				DEBUG_INFORMATION_FORMAT = "dwarf-with-dsym";
				ENABLE_NS_ASSERTIONS = NO;
				ENABLE_STRICT_OBJC_MSGSEND = YES;
				GCC_C_LANGUAGE_STANDARD = gnu99;
				GCC_NO_COMMON_BLOCKS = YES;
				GCC_WARN_64_TO_32_BIT_CONVERSION = YES;
				GCC_WARN_ABOUT_RETURN_TYPE = YES_ERROR;
				GCC_WARN_UNDECLARED_SELECTOR = YES;
				GCC_WARN_UNINITIALIZED_AUTOS = YES_AGGRESSIVE;
				GCC_WARN_UNUSED_FUNCTION = YES;
				GCC_WARN_UNUSED_VARIABLE = YES;
				IPHONEOS_DEPLOYMENT_TARGET = 9.1;
				MTL_ENABLE_DEBUG_INFO = NO;
				SDKROOT = iphoneos;
				TARGETED_DEVICE_FAMILY = "1,2";
				VALIDATE_PRODUCT = YES;
			};
			name = Release;
		};
		EA113C931C33C6B10073A77A /* Debug */ = {
			isa = XCBuildConfiguration;
			buildSettings = {
				ASSETCATALOG_COMPILER_APPICON_NAME = AppIcon;
				INFOPLIST_FILE = project1/Info.plist;
				LD_RUNPATH_SEARCH_PATHS = "$(inherited) @executable_path/Frameworks";
				PRODUCT_BUNDLE_IDENTIFIER = com.alinusgallus.project1.project1;
				PRODUCT_NAME = "$(TARGET_NAME)";
				TARGETED_DEVICE_FAMILY = 1;
			};
			name = Debug;
		};
		EA113C941C33C6B10073A77A /* Release */ = {
			isa = XCBuildConfiguration;
			buildSettings = {
				ASSETCATALOG_COMPILER_APPICON_NAME = AppIcon;
				INFOPLIST_FILE = project1/Info.plist;
				LD_RUNPATH_SEARCH_PATHS = "$(inherited) @executable_path/Frameworks";
				PRODUCT_BUNDLE_IDENTIFIER = com.alinusgallus.project1.project1;
				PRODUCT_NAME = "$(TARGET_NAME)";
				TARGETED_DEVICE_FAMILY = 1;
			};
			name = Release;
		};
/* End XCBuildConfiguration section */

/* Begin XCConfigurationList section */
		EA113C791C33C6B10073A77A /* Build configuration list for PBXProject "project1" */ = {
			isa = XCConfigurationList;
			buildConfigurations = (
				EA113C901C33C6B10073A77A /* Debug */,
				EA113C911C33C6B10073A77A /* Release */,
			);
			defaultConfigurationIsVisible = 0;
			defaultConfigurationName = Release;
		};
		EA113C921C33C6B10073A77A /* Build configuration list for PBXNativeTarget "project1" */ = {
			isa = XCConfigurationList;
			buildConfigurations = (
				EA113C931C33C6B10073A77A /* Debug */,
				EA113C941C33C6B10073A77A /* Release */,
			);
			defaultConfigurationIsVisible = 0;
		};
/* End XCConfigurationList section */
	};
	rootObject = EA113C761C33C6B10073A77A /* Project object */;
}
